{
  "name": "autotrade",
  "version": "1.0.0",
  "lockfileVersion": 1,
  "requires": true,
  "dependencies": {
    "ccxt": {
      "version": "1.49.29",
      "resolved": "https://registry.npmjs.org/ccxt/-/ccxt-1.49.29.tgz",
      "integrity": "sha512-zLo4xaQw4axjR646J1NagI4GSU6oGMk7goPg671chvAHLH7zGzmxrlRdWIHxbQuif2O2C/jMP/FbnraUAkGXgg=="
    },
    "dotenv": {
      "version": "8.2.0",
      "resolved": "https://registry.npmjs.org/dotenv/-/dotenv-8.2.0.tgz",
      "integrity": "sha512-8sJ78ElpbDJBHNeBzUbUVLsqKdccaa/BXF1uPTw3GrvQTBgrQrtObr2mUrE38vzYd8cEv+m/JBfDLioYcfXoaw=="
    }
  }
}
